
Microsoft Visual Studio Solution File, Format Version 12.00
# Visual Studio Version 17
VisualStudioVersion = 17.0.31919.166
MinimumVisualStudioVersion = 10.0.40219.1
Project("{FAE04EC0-301F-11D3-BF4B-00C04F79EFBC}") = "AES_Encryption", "AES_Encryption\AES_Encryption.csproj", "{DD1C5BF0-4E84-48AB-8017-D0E98A78B794}"
EndProject
Global
	GlobalSection(SolutionConfigurationPlatforms) = preSolution
		Debug|Any CPU = Debug|Any CPU
		Release|Any CPU = Release|Any CPU
	EndGlobalSection
	GlobalSection(ProjectConfigurationPlatforms) = postSolution
		{DD1C5BF0-4E84-48AB-8017-D0E98A78B794}.Debug|Any CPU.ActiveCfg = Debug|Any CPU
		{DD1C5BF0-4E84-48AB-8017-D0E98A78B794}.Debug|Any CPU.Build.0 = Debug|Any CPU
		{DD1C5BF0-4E84-48AB-8017-D0E98A78B794}.Release|Any CPU.ActiveCfg = Release|Any CPU
		{DD1C5BF0-4E84-48AB-8017-D0E98A78B794}.Release|Any CPU.Build.0 = Release|Any CPU
	EndGlobalSection
	GlobalSection(SolutionProperties) = preSolution
		HideSolutionNode = FALSE
	EndGlobalSection
	GlobalSection(ExtensibilityGlobals) = postSolution
		SolutionGuid = {8D76635B-2DA0-4FC5-9CA6-922771F420BB}
	EndGlobalSection
EndGlobal
